
Microsoft Visual Studio Solution File, Format Version 12.00
Project("{FAE04EC0-301F-11D3-BF4B-00C04F79EFBC}") = "ci-cd-pluralsight-course", "ci-cd-pluralsight-course\ci-cd-pluralsight-course.csproj", "{DDE6AF0C-8639-4A8B-9F24-BF28868A2C6F}"
EndProject
Project("{FAE04EC0-301F-11D3-BF4B-00C04F79EFBC}") = "ci-cd-pluralsight-course-test", "ci-cd-pluralsight-course-test\ci-cd-pluralsight-course-test.csproj", "{C3887AD4-34DE-4F84-94F4-5E8B023CE442}"
EndProject
Global
	GlobalSection(SolutionConfigurationPlatforms) = preSolution
		Debug|Any CPU = Debug|Any CPU
		Release|Any CPU = Release|Any CPU
	EndGlobalSection
	GlobalSection(ProjectConfigurationPlatforms) = postSolution
		{DDE6AF0C-8639-4A8B-9F24-BF28868A2C6F}.Debug|Any CPU.ActiveCfg = Debug|Any CPU
		{DDE6AF0C-8639-4A8B-9F24-BF28868A2C6F}.Debug|Any CPU.Build.0 = Debug|Any CPU
		{DDE6AF0C-8639-4A8B-9F24-BF28868A2C6F}.Release|Any CPU.ActiveCfg = Release|Any CPU
		{DDE6AF0C-8639-4A8B-9F24-BF28868A2C6F}.Release|Any CPU.Build.0 = Release|Any CPU
		{C3887AD4-34DE-4F84-94F4-5E8B023CE442}.Debug|Any CPU.ActiveCfg = Debug|Any CPU
		{C3887AD4-34DE-4F84-94F4-5E8B023CE442}.Debug|Any CPU.Build.0 = Debug|Any CPU
		{C3887AD4-34DE-4F84-94F4-5E8B023CE442}.Release|Any CPU.ActiveCfg = Release|Any CPU
		{C3887AD4-34DE-4F84-94F4-5E8B023CE442}.Release|Any CPU.Build.0 = Release|Any CPU
	EndGlobalSection
EndGlobal
